
Microsoft Visual Studio Solution File, Format Version 12.00
# Visual Studio Version 17
VisualStudioVersion = 17.0.32126.317
MinimumVisualStudioVersion = 10.0.40219.1
Project("{FAE04EC0-301F-11D3-BF4B-00C04F79EFBC}") = "ExceptionHandling", "ExceptionHandling\ExceptionHandling.csproj", "{3879F9E4-ED44-47B3-8221-0CD078B6202F}"
EndProject
Project("{FAE04EC0-301F-11D3-BF4B-00C04F79EFBC}") = "genericEg", "genericEg\genericEg.csproj", "{5704CA36-7559-494B-9DBE-7203210F2052}"
EndProject
Global
	GlobalSection(SolutionConfigurationPlatforms) = preSolution
		Debug|Any CPU = Debug|Any CPU
		Release|Any CPU = Release|Any CPU
	EndGlobalSection
	GlobalSection(ProjectConfigurationPlatforms) = postSolution
		{3879F9E4-ED44-47B3-8221-0CD078B6202F}.Debug|Any CPU.ActiveCfg = Debug|Any CPU
		{3879F9E4-ED44-47B3-8221-0CD078B6202F}.Debug|Any CPU.Build.0 = Debug|Any CPU
		{3879F9E4-ED44-47B3-8221-0CD078B6202F}.Release|Any CPU.ActiveCfg = Release|Any CPU
		{3879F9E4-ED44-47B3-8221-0CD078B6202F}.Release|Any CPU.Build.0 = Release|Any CPU
		{5704CA36-7559-494B-9DBE-7203210F2052}.Debug|Any CPU.ActiveCfg = Debug|Any CPU
		{5704CA36-7559-494B-9DBE-7203210F2052}.Debug|Any CPU.Build.0 = Debug|Any CPU
		{5704CA36-7559-494B-9DBE-7203210F2052}.Release|Any CPU.ActiveCfg = Release|Any CPU
		{5704CA36-7559-494B-9DBE-7203210F2052}.Release|Any CPU.Build.0 = Release|Any CPU
	EndGlobalSection
	GlobalSection(SolutionProperties) = preSolution
		HideSolutionNode = FALSE
	EndGlobalSection
	GlobalSection(ExtensibilityGlobals) = postSolution
		SolutionGuid = {E9E0CCFD-845B-4D3F-B460-DFE484CFD667}
	EndGlobalSection
EndGlobal
