
Microsoft Visual Studio Solution File, Format Version 12.00
# Visual Studio Version 17
VisualStudioVersion = 17.0.32126.317
MinimumVisualStudioVersion = 10.0.40219.1
Project("{FAE04EC0-301F-11D3-BF4B-00C04F79EFBC}") = "Csharpday3Assignment", "Csharpday3Assignment\Csharpday3Assignment.csproj", "{32466916-7BE5-4A2A-9904-4C1318BBCB17}"
EndProject
Global
	GlobalSection(SolutionConfigurationPlatforms) = preSolution
		Debug|Any CPU = Debug|Any CPU
		Release|Any CPU = Release|Any CPU
	EndGlobalSection
	GlobalSection(ProjectConfigurationPlatforms) = postSolution
		{32466916-7BE5-4A2A-9904-4C1318BBCB17}.Debug|Any CPU.ActiveCfg = Debug|Any CPU
		{32466916-7BE5-4A2A-9904-4C1318BBCB17}.Debug|Any CPU.Build.0 = Debug|Any CPU
		{32466916-7BE5-4A2A-9904-4C1318BBCB17}.Release|Any CPU.ActiveCfg = Release|Any CPU
		{32466916-7BE5-4A2A-9904-4C1318BBCB17}.Release|Any CPU.Build.0 = Release|Any CPU
	EndGlobalSection
	GlobalSection(SolutionProperties) = preSolution
		HideSolutionNode = FALSE
	EndGlobalSection
	GlobalSection(ExtensibilityGlobals) = postSolution
		SolutionGuid = {AE9E3F59-04A7-4C27-9AF9-7F90C0F4B3B9}
	EndGlobalSection
EndGlobal
