
Microsoft Visual Studio Solution File, Format Version 12.00
# Visual Studio Version 17
VisualStudioVersion = 17.0.32126.317
MinimumVisualStudioVersion = 10.0.40219.1
Project("{FAE04EC0-301F-11D3-BF4B-00C04F79EFBC}") = "Calculator", "Calculator\Calculator.csproj", "{D5CB8702-BCBE-4652-B2B1-57D9BD604614}"
EndProject
Global
	GlobalSection(SolutionConfigurationPlatforms) = preSolution
		Debug|Any CPU = Debug|Any CPU
		Release|Any CPU = Release|Any CPU
	EndGlobalSection
	GlobalSection(ProjectConfigurationPlatforms) = postSolution
		{D5CB8702-BCBE-4652-B2B1-57D9BD604614}.Debug|Any CPU.ActiveCfg = Debug|Any CPU
		{D5CB8702-BCBE-4652-B2B1-57D9BD604614}.Debug|Any CPU.Build.0 = Debug|Any CPU
		{D5CB8702-BCBE-4652-B2B1-57D9BD604614}.Release|Any CPU.ActiveCfg = Release|Any CPU
		{D5CB8702-BCBE-4652-B2B1-57D9BD604614}.Release|Any CPU.Build.0 = Release|Any CPU
	EndGlobalSection
	GlobalSection(SolutionProperties) = preSolution
		HideSolutionNode = FALSE
	EndGlobalSection
	GlobalSection(ExtensibilityGlobals) = postSolution
		SolutionGuid = {251D2022-48E8-4CEB-93F2-1B53137C2DE9}
	EndGlobalSection
EndGlobal
