
Microsoft Visual Studio Solution File, Format Version 12.00
# Visual Studio Version 17
VisualStudioVersion = 17.0.32126.317
MinimumVisualStudioVersion = 10.0.40219.1
Project("{FAE04EC0-301F-11D3-BF4B-00C04F79EFBC}") = "CSharpAssignment2", "CSharpAssignment2\CSharpAssignment2.csproj", "{7A243658-ED4A-4797-B20E-F44EB21D0AA4}"
EndProject
Global
	GlobalSection(SolutionConfigurationPlatforms) = preSolution
		Debug|Any CPU = Debug|Any CPU
		Release|Any CPU = Release|Any CPU
	EndGlobalSection
	GlobalSection(ProjectConfigurationPlatforms) = postSolution
		{7A243658-ED4A-4797-B20E-F44EB21D0AA4}.Debug|Any CPU.ActiveCfg = Debug|Any CPU
		{7A243658-ED4A-4797-B20E-F44EB21D0AA4}.Debug|Any CPU.Build.0 = Debug|Any CPU
		{7A243658-ED4A-4797-B20E-F44EB21D0AA4}.Release|Any CPU.ActiveCfg = Release|Any CPU
		{7A243658-ED4A-4797-B20E-F44EB21D0AA4}.Release|Any CPU.Build.0 = Release|Any CPU
	EndGlobalSection
	GlobalSection(SolutionProperties) = preSolution
		HideSolutionNode = FALSE
	EndGlobalSection
	GlobalSection(ExtensibilityGlobals) = postSolution
		SolutionGuid = {C619F503-6670-4BDC-B2B3-694FA9F5C0D9}
	EndGlobalSection
EndGlobal
