
Microsoft Visual Studio Solution File, Format Version 12.00
# Visual Studio Version 17
VisualStudioVersion = 17.0.32126.317
MinimumVisualStudioVersion = 10.0.40219.1
Project("{FAE04EC0-301F-11D3-BF4B-00C04F79EFBC}") = "Assinment2", "Assinment2\Assinment2.csproj", "{E8C95409-6B1C-4B7D-BF0C-F006A80FDD85}"
EndProject
Global
	GlobalSection(SolutionConfigurationPlatforms) = preSolution
		Debug|Any CPU = Debug|Any CPU
		Release|Any CPU = Release|Any CPU
	EndGlobalSection
	GlobalSection(ProjectConfigurationPlatforms) = postSolution
		{E8C95409-6B1C-4B7D-BF0C-F006A80FDD85}.Debug|Any CPU.ActiveCfg = Debug|Any CPU
		{E8C95409-6B1C-4B7D-BF0C-F006A80FDD85}.Debug|Any CPU.Build.0 = Debug|Any CPU
		{E8C95409-6B1C-4B7D-BF0C-F006A80FDD85}.Release|Any CPU.ActiveCfg = Release|Any CPU
		{E8C95409-6B1C-4B7D-BF0C-F006A80FDD85}.Release|Any CPU.Build.0 = Release|Any CPU
	EndGlobalSection
	GlobalSection(SolutionProperties) = preSolution
		HideSolutionNode = FALSE
	EndGlobalSection
	GlobalSection(ExtensibilityGlobals) = postSolution
		SolutionGuid = {F1BA4EFA-DB6E-4C54-91C6-25E23958E283}
	EndGlobalSection
EndGlobal
