
Microsoft Visual Studio Solution File, Format Version 12.00
# Visual Studio Version 17
VisualStudioVersion = 17.0.32126.317
MinimumVisualStudioVersion = 10.0.40219.1
Project("{FAE04EC0-301F-11D3-BF4B-00C04F79EFBC}") = "Assinment2-2", "Assinment2-2\Assinment2-2.csproj", "{72793B5C-62B4-4136-AA3B-806ED2CDE7CD}"
EndProject
Global
	GlobalSection(SolutionConfigurationPlatforms) = preSolution
		Debug|Any CPU = Debug|Any CPU
		Release|Any CPU = Release|Any CPU
	EndGlobalSection
	GlobalSection(ProjectConfigurationPlatforms) = postSolution
		{72793B5C-62B4-4136-AA3B-806ED2CDE7CD}.Debug|Any CPU.ActiveCfg = Debug|Any CPU
		{72793B5C-62B4-4136-AA3B-806ED2CDE7CD}.Debug|Any CPU.Build.0 = Debug|Any CPU
		{72793B5C-62B4-4136-AA3B-806ED2CDE7CD}.Release|Any CPU.ActiveCfg = Release|Any CPU
		{72793B5C-62B4-4136-AA3B-806ED2CDE7CD}.Release|Any CPU.Build.0 = Release|Any CPU
	EndGlobalSection
	GlobalSection(SolutionProperties) = preSolution
		HideSolutionNode = FALSE
	EndGlobalSection
	GlobalSection(ExtensibilityGlobals) = postSolution
		SolutionGuid = {71F000C7-86AC-470C-A36E-B4BFE846978E}
	EndGlobalSection
EndGlobal
