
Microsoft Visual Studio Solution File, Format Version 12.00
# Visual Studio Version 17
VisualStudioVersion = 17.0.32126.317
MinimumVisualStudioVersion = 10.0.40219.1
Project("{FAE04EC0-301F-11D3-BF4B-00C04F79EFBC}") = "entity", "entity\entity.csproj", "{FF407528-47A9-475B-96D2-0F34D327D509}"
EndProject
Global
	GlobalSection(SolutionConfigurationPlatforms) = preSolution
		Debug|Any CPU = Debug|Any CPU
		Release|Any CPU = Release|Any CPU
	EndGlobalSection
	GlobalSection(ProjectConfigurationPlatforms) = postSolution
		{FF407528-47A9-475B-96D2-0F34D327D509}.Debug|Any CPU.ActiveCfg = Debug|Any CPU
		{FF407528-47A9-475B-96D2-0F34D327D509}.Debug|Any CPU.Build.0 = Debug|Any CPU
		{FF407528-47A9-475B-96D2-0F34D327D509}.Release|Any CPU.ActiveCfg = Release|Any CPU
		{FF407528-47A9-475B-96D2-0F34D327D509}.Release|Any CPU.Build.0 = Release|Any CPU
	EndGlobalSection
	GlobalSection(SolutionProperties) = preSolution
		HideSolutionNode = FALSE
	EndGlobalSection
	GlobalSection(ExtensibilityGlobals) = postSolution
		SolutionGuid = {0B95ACB2-B9AD-40C6-8C12-76E6B0C7926B}
	EndGlobalSection
EndGlobal
