
Microsoft Visual Studio Solution File, Format Version 12.00
# Visual Studio Version 17
VisualStudioVersion = 17.0.32126.317
MinimumVisualStudioVersion = 10.0.40219.1
Project("{FAE04EC0-301F-11D3-BF4B-00C04F79EFBC}") = "tempdataexample", "tempdataexample\tempdataexample.csproj", "{B5698337-C8D3-4712-AD68-8122E7A7DBF0}"
EndProject
Global
	GlobalSection(SolutionConfigurationPlatforms) = preSolution
		Debug|Any CPU = Debug|Any CPU
		Release|Any CPU = Release|Any CPU
	EndGlobalSection
	GlobalSection(ProjectConfigurationPlatforms) = postSolution
		{B5698337-C8D3-4712-AD68-8122E7A7DBF0}.Debug|Any CPU.ActiveCfg = Debug|Any CPU
		{B5698337-C8D3-4712-AD68-8122E7A7DBF0}.Debug|Any CPU.Build.0 = Debug|Any CPU
		{B5698337-C8D3-4712-AD68-8122E7A7DBF0}.Release|Any CPU.ActiveCfg = Release|Any CPU
		{B5698337-C8D3-4712-AD68-8122E7A7DBF0}.Release|Any CPU.Build.0 = Release|Any CPU
	EndGlobalSection
	GlobalSection(SolutionProperties) = preSolution
		HideSolutionNode = FALSE
	EndGlobalSection
	GlobalSection(ExtensibilityGlobals) = postSolution
		SolutionGuid = {441A7E0F-BF94-42E9-81F8-2EEA4B4CEC7F}
	EndGlobalSection
EndGlobal
