
Microsoft Visual Studio Solution File, Format Version 12.00
# Visual Studio Version 17
VisualStudioVersion = 17.0.32126.317
MinimumVisualStudioVersion = 10.0.40219.1
Project("{FAE04EC0-301F-11D3-BF4B-00C04F79EFBC}") = "InerFaceConcept", "InerFaceConcept\InerFaceConcept.csproj", "{D4D39E0D-5377-4C32-B038-BBE0EB5CF0D0}"
EndProject
Global
	GlobalSection(SolutionConfigurationPlatforms) = preSolution
		Debug|Any CPU = Debug|Any CPU
		Release|Any CPU = Release|Any CPU
	EndGlobalSection
	GlobalSection(ProjectConfigurationPlatforms) = postSolution
		{D4D39E0D-5377-4C32-B038-BBE0EB5CF0D0}.Debug|Any CPU.ActiveCfg = Debug|Any CPU
		{D4D39E0D-5377-4C32-B038-BBE0EB5CF0D0}.Debug|Any CPU.Build.0 = Debug|Any CPU
		{D4D39E0D-5377-4C32-B038-BBE0EB5CF0D0}.Release|Any CPU.ActiveCfg = Release|Any CPU
		{D4D39E0D-5377-4C32-B038-BBE0EB5CF0D0}.Release|Any CPU.Build.0 = Release|Any CPU
	EndGlobalSection
	GlobalSection(SolutionProperties) = preSolution
		HideSolutionNode = FALSE
	EndGlobalSection
	GlobalSection(ExtensibilityGlobals) = postSolution
		SolutionGuid = {D3E8AB68-F793-4C66-9C4A-9C9F26B96E75}
	EndGlobalSection
EndGlobal
