
Microsoft Visual Studio Solution File, Format Version 12.00
# Visual Studio Version 17
VisualStudioVersion = 17.0.32126.317
MinimumVisualStudioVersion = 10.0.40219.1
Project("{FAE04EC0-301F-11D3-BF4B-00C04F79EFBC}") = "createwbsite", "createwbsite\createwbsite.csproj", "{BD114686-9D94-440E-AEDB-F49ED41B6889}"
EndProject
Global
	GlobalSection(SolutionConfigurationPlatforms) = preSolution
		Debug|Any CPU = Debug|Any CPU
		Release|Any CPU = Release|Any CPU
	EndGlobalSection
	GlobalSection(ProjectConfigurationPlatforms) = postSolution
		{BD114686-9D94-440E-AEDB-F49ED41B6889}.Debug|Any CPU.ActiveCfg = Debug|Any CPU
		{BD114686-9D94-440E-AEDB-F49ED41B6889}.Debug|Any CPU.Build.0 = Debug|Any CPU
		{BD114686-9D94-440E-AEDB-F49ED41B6889}.Release|Any CPU.ActiveCfg = Release|Any CPU
		{BD114686-9D94-440E-AEDB-F49ED41B6889}.Release|Any CPU.Build.0 = Release|Any CPU
	EndGlobalSection
	GlobalSection(SolutionProperties) = preSolution
		HideSolutionNode = FALSE
	EndGlobalSection
	GlobalSection(ExtensibilityGlobals) = postSolution
		SolutionGuid = {607C8BED-562B-4F1B-B48D-81B992763E04}
	EndGlobalSection
EndGlobal
