
Microsoft Visual Studio Solution File, Format Version 12.00
# Visual Studio Version 17
VisualStudioVersion = 17.0.32126.317
MinimumVisualStudioVersion = 10.0.40219.1
Project("{FAE04EC0-301F-11D3-BF4B-00C04F79EFBC}") = "Assignment1", "Assignment1\Assignment1.csproj", "{A1C314E3-257A-4F2A-8A0D-CBDD03A9F7AD}"
EndProject
Global
	GlobalSection(SolutionConfigurationPlatforms) = preSolution
		Debug|Any CPU = Debug|Any CPU
		Release|Any CPU = Release|Any CPU
	EndGlobalSection
	GlobalSection(ProjectConfigurationPlatforms) = postSolution
		{A1C314E3-257A-4F2A-8A0D-CBDD03A9F7AD}.Debug|Any CPU.ActiveCfg = Debug|Any CPU
		{A1C314E3-257A-4F2A-8A0D-CBDD03A9F7AD}.Debug|Any CPU.Build.0 = Debug|Any CPU
		{A1C314E3-257A-4F2A-8A0D-CBDD03A9F7AD}.Release|Any CPU.ActiveCfg = Release|Any CPU
		{A1C314E3-257A-4F2A-8A0D-CBDD03A9F7AD}.Release|Any CPU.Build.0 = Release|Any CPU
	EndGlobalSection
	GlobalSection(SolutionProperties) = preSolution
		HideSolutionNode = FALSE
	EndGlobalSection
	GlobalSection(ExtensibilityGlobals) = postSolution
		SolutionGuid = {7242A55E-F97A-45A6-96B1-A8622213675F}
	EndGlobalSection
EndGlobal
