
Microsoft Visual Studio Solution File, Format Version 12.00
# Visual Studio Version 17
VisualStudioVersion = 17.0.32126.317
MinimumVisualStudioVersion = 10.0.40219.1
Project("{FAE04EC0-301F-11D3-BF4B-00C04F79EFBC}") = "ConsoleApp1", "ConsoleApp1\ConsoleApp1.csproj", "{527B29DD-87F1-46A2-8AF6-FF93185CEF10}"
EndProject
Project("{FAE04EC0-301F-11D3-BF4B-00C04F79EFBC}") = "LinqEg", "LinqEg\LinqEg.csproj", "{FFCF7402-EA6E-4777-9066-8ECE09EFE4EE}"
EndProject
Global
	GlobalSection(SolutionConfigurationPlatforms) = preSolution
		Debug|Any CPU = Debug|Any CPU
		Release|Any CPU = Release|Any CPU
	EndGlobalSection
	GlobalSection(ProjectConfigurationPlatforms) = postSolution
		{527B29DD-87F1-46A2-8AF6-FF93185CEF10}.Debug|Any CPU.ActiveCfg = Debug|Any CPU
		{527B29DD-87F1-46A2-8AF6-FF93185CEF10}.Debug|Any CPU.Build.0 = Debug|Any CPU
		{527B29DD-87F1-46A2-8AF6-FF93185CEF10}.Release|Any CPU.ActiveCfg = Release|Any CPU
		{527B29DD-87F1-46A2-8AF6-FF93185CEF10}.Release|Any CPU.Build.0 = Release|Any CPU
		{FFCF7402-EA6E-4777-9066-8ECE09EFE4EE}.Debug|Any CPU.ActiveCfg = Debug|Any CPU
		{FFCF7402-EA6E-4777-9066-8ECE09EFE4EE}.Debug|Any CPU.Build.0 = Debug|Any CPU
		{FFCF7402-EA6E-4777-9066-8ECE09EFE4EE}.Release|Any CPU.ActiveCfg = Release|Any CPU
		{FFCF7402-EA6E-4777-9066-8ECE09EFE4EE}.Release|Any CPU.Build.0 = Release|Any CPU
	EndGlobalSection
	GlobalSection(SolutionProperties) = preSolution
		HideSolutionNode = FALSE
	EndGlobalSection
	GlobalSection(ExtensibilityGlobals) = postSolution
		SolutionGuid = {D0395D83-7AA4-4E93-9BFF-B0E46DDE6207}
	EndGlobalSection
EndGlobal
