
Microsoft Visual Studio Solution File, Format Version 12.00
# Visual Studio Version 17
VisualStudioVersion = 17.0.32126.317
MinimumVisualStudioVersion = 10.0.40219.1
Project("{FAE04EC0-301F-11D3-BF4B-00C04F79EFBC}") = "webAssignment1", "webAssignment1\webAssignment1.csproj", "{B084CCAF-A54F-4789-85DC-2C7CCB766727}"
EndProject
Global
	GlobalSection(SolutionConfigurationPlatforms) = preSolution
		Debug|Any CPU = Debug|Any CPU
		Release|Any CPU = Release|Any CPU
	EndGlobalSection
	GlobalSection(ProjectConfigurationPlatforms) = postSolution
		{B084CCAF-A54F-4789-85DC-2C7CCB766727}.Debug|Any CPU.ActiveCfg = Debug|Any CPU
		{B084CCAF-A54F-4789-85DC-2C7CCB766727}.Debug|Any CPU.Build.0 = Debug|Any CPU
		{B084CCAF-A54F-4789-85DC-2C7CCB766727}.Release|Any CPU.ActiveCfg = Release|Any CPU
		{B084CCAF-A54F-4789-85DC-2C7CCB766727}.Release|Any CPU.Build.0 = Release|Any CPU
	EndGlobalSection
	GlobalSection(SolutionProperties) = preSolution
		HideSolutionNode = FALSE
	EndGlobalSection
	GlobalSection(ExtensibilityGlobals) = postSolution
		SolutionGuid = {784619E2-3322-4B4F-9F97-D07097A4D0EE}
	EndGlobalSection
EndGlobal
