
Microsoft Visual Studio Solution File, Format Version 12.00
# Visual Studio Version 17
VisualStudioVersion = 17.0.32126.317
MinimumVisualStudioVersion = 10.0.40219.1
Project("{FAE04EC0-301F-11D3-BF4B-00C04F79EFBC}") = "databaseconn", "databaseconn\databaseconn.csproj", "{81C80D83-51F0-445B-ACC5-17EC8C017205}"
EndProject
Global
	GlobalSection(SolutionConfigurationPlatforms) = preSolution
		Debug|Any CPU = Debug|Any CPU
		Release|Any CPU = Release|Any CPU
	EndGlobalSection
	GlobalSection(ProjectConfigurationPlatforms) = postSolution
		{81C80D83-51F0-445B-ACC5-17EC8C017205}.Debug|Any CPU.ActiveCfg = Debug|Any CPU
		{81C80D83-51F0-445B-ACC5-17EC8C017205}.Debug|Any CPU.Build.0 = Debug|Any CPU
		{81C80D83-51F0-445B-ACC5-17EC8C017205}.Release|Any CPU.ActiveCfg = Release|Any CPU
		{81C80D83-51F0-445B-ACC5-17EC8C017205}.Release|Any CPU.Build.0 = Release|Any CPU
	EndGlobalSection
	GlobalSection(SolutionProperties) = preSolution
		HideSolutionNode = FALSE
	EndGlobalSection
	GlobalSection(ExtensibilityGlobals) = postSolution
		SolutionGuid = {B544F7C0-0407-4E6E-8A61-7D357FCBDF1F}
	EndGlobalSection
EndGlobal
