
Microsoft Visual Studio Solution File, Format Version 12.00
# Visual Studio Version 17
VisualStudioVersion = 17.0.32126.317
MinimumVisualStudioVersion = 10.0.40219.1
Project("{FAE04EC0-301F-11D3-BF4B-00C04F79EFBC}") = "Assignment2-5", "Assignment2-5\Assignment2-5.csproj", "{73BFFF17-0813-4EA4-A2ED-4B7AF7D45DB1}"
EndProject
Global
	GlobalSection(SolutionConfigurationPlatforms) = preSolution
		Debug|Any CPU = Debug|Any CPU
		Release|Any CPU = Release|Any CPU
	EndGlobalSection
	GlobalSection(ProjectConfigurationPlatforms) = postSolution
		{73BFFF17-0813-4EA4-A2ED-4B7AF7D45DB1}.Debug|Any CPU.ActiveCfg = Debug|Any CPU
		{73BFFF17-0813-4EA4-A2ED-4B7AF7D45DB1}.Debug|Any CPU.Build.0 = Debug|Any CPU
		{73BFFF17-0813-4EA4-A2ED-4B7AF7D45DB1}.Release|Any CPU.ActiveCfg = Release|Any CPU
		{73BFFF17-0813-4EA4-A2ED-4B7AF7D45DB1}.Release|Any CPU.Build.0 = Release|Any CPU
	EndGlobalSection
	GlobalSection(SolutionProperties) = preSolution
		HideSolutionNode = FALSE
	EndGlobalSection
	GlobalSection(ExtensibilityGlobals) = postSolution
		SolutionGuid = {E8E3B50A-6EE8-4529-93BE-92C506AA5357}
	EndGlobalSection
EndGlobal
